// !$*UTF8*$!
{
	archiveVersion = 1;
	classes = {
	};
	objectVersion = 48;
	objects = {

/* Begin PBXBuildFile section */
		EE7FFE9A1FA02E87003BE3C5 /* AppDelegate.swift in Sources */ = {isa = PBXBuildFile; fileRef = EE7FFE991FA02E86003BE3C5 /* AppDelegate.swift */; };
		EE7FFE9C1FA02E87003BE3C5 /* ViewController.swift in Sources */ = {isa = PBXBuildFile; fileRef = EE7FFE9B1FA02E87003BE3C5 /* ViewController.swift */; };
		EE7FFE9F1FA02E87003BE3C5 /* Main.storyboard in Resources */ = {isa = PBXBuildFile; fileRef = EE7FFE9D1FA02E87003BE3C5 /* Main.storyboard */; };
		EE7FFEA11FA02E87003BE3C5 /* Assets.xcassets in Resources */ = {isa = PBXBuildFile; fileRef = EE7FFEA01FA02E87003BE3C5 /* Assets.xcassets */; };
		EE7FFEA41FA02E87003BE3C5 /* LaunchScreen.storyboard in Resources */ = {isa = PBXBuildFile; fileRef = EE7FFEA21FA02E87003BE3C5 /* LaunchScreen.storyboard */; };
		EE7FFEAF1FA02E87003BE3C5 /* Itsudare2Tests.swift in Sources */ = {isa = PBXBuildFile; fileRef = EE7FFEAE1FA02E87003BE3C5 /* Itsudare2Tests.swift */; };
		EE7FFEBA1FA02E87003BE3C5 /* Itsudare2UITests.swift in Sources */ = {isa = PBXBuildFile; fileRef = EE7FFEB91FA02E87003BE3C5 /* Itsudare2UITests.swift */; };
		EE7FFECD1FA031EA003BE3C5 /* ゆず ポップ A [M] Bold.ttf in Resources */ = {isa = PBXBuildFile; fileRef = EE7FFEC81FA031E9003BE3C5 /* ゆず ポップ A [M] Bold.ttf */; };
		EE7FFECE1FA031EA003BE3C5 /* ゆず ポップ A [M] Extra Light.ttf in Resources */ = {isa = PBXBuildFile; fileRef = EE7FFEC91FA031E9003BE3C5 /* ゆず ポップ A [M] Extra Light.ttf */; };
		EE7FFECF1FA031EA003BE3C5 /* ゆず ポップ A [M] Light.ttf in Resources */ = {isa = PBXBuildFile; fileRef = EE7FFECA1FA031E9003BE3C5 /* ゆず ポップ A [M] Light.ttf */; };
		EE7FFED01FA031EA003BE3C5 /* ゆず ポップ A [M] Regular.ttf in Resources */ = {isa = PBXBuildFile; fileRef = EE7FFECB1FA031E9003BE3C5 /* ゆず ポップ A [M] Regular.ttf */; };
		EE7FFED11FA031EA003BE3C5 /* 説明書.txt in Resources */ = {isa = PBXBuildFile; fileRef = EE7FFECC1FA031E9003BE3C5 /* 説明書.txt */; };
/* End PBXBuildFile section */

/* Begin PBXContainerItemProxy section */
		EE7FFEAB1FA02E87003BE3C5 /* PBXContainerItemProxy */ = {
			isa = PBXContainerItemProxy;
			containerPortal = EE7FFE8E1FA02E86003BE3C5 /* Project object */;
			proxyType = 1;
			remoteGlobalIDString = EE7FFE951FA02E86003BE3C5;
			remoteInfo = Itsudare2;
		};
		EE7FFEB61FA02E87003BE3C5 /* PBXContainerItemProxy */ = {
			isa = PBXContainerItemProxy;
			containerPortal = EE7FFE8E1FA02E86003BE3C5 /* Project object */;
			proxyType = 1;
			remoteGlobalIDString = EE7FFE951FA02E86003BE3C5;
			remoteInfo = Itsudare2;
		};
/* End PBXContainerItemProxy section */

/* Begin PBXFileReference section */
		EE7FFE961FA02E86003BE3C5 /* Itsudare2.app */ = {isa = PBXFileReference; explicitFileType = wrapper.application; includeInIndex = 0; path = Itsudare2.app; sourceTree = BUILT_PRODUCTS_DIR; };
		EE7FFE991FA02E86003BE3C5 /* AppDelegate.swift */ = {isa = PBXFileReference; lastKnownFileType = sourcecode.swift; path = AppDelegate.swift; sourceTree = "<group>"; };
		EE7FFE9B1FA02E87003BE3C5 /* ViewController.swift */ = {isa = PBXFileReference; lastKnownFileType = sourcecode.swift; path = ViewController.swift; sourceTree = "<group>"; };
		EE7FFE9E1FA02E87003BE3C5 /* Base */ = {isa = PBXFileReference; lastKnownFileType = file.storyboard; name = Base; path = Base.lproj/Main.storyboard; sourceTree = "<group>"; };
		EE7FFEA01FA02E87003BE3C5 /* Assets.xcassets */ = {isa = PBXFileReference; lastKnownFileType = folder.assetcatalog; path = Assets.xcassets; sourceTree = "<group>"; };
		EE7FFEA31FA02E87003BE3C5 /* Base */ = {isa = PBXFileReference; lastKnownFileType = file.storyboard; name = Base; path = Base.lproj/LaunchScreen.storyboard; sourceTree = "<group>"; };
		EE7FFEA51FA02E87003BE3C5 /* Info.plist */ = {isa = PBXFileReference; lastKnownFileType = text.plist.xml; path = Info.plist; sourceTree = "<group>"; };
		EE7FFEAA1FA02E87003BE3C5 /* Itsudare2Tests.xctest */ = {isa = PBXFileReference; explicitFileType = wrapper.cfbundle; includeInIndex = 0; path = Itsudare2Tests.xctest; sourceTree = BUILT_PRODUCTS_DIR; };
		EE7FFEAE1FA02E87003BE3C5 /* Itsudare2Tests.swift */ = {isa = PBXFileReference; lastKnownFileType = sourcecode.swift; path = Itsudare2Tests.swift; sourceTree = "<group>"; };
		EE7FFEB01FA02E87003BE3C5 /* Info.plist */ = {isa = PBXFileReference; lastKnownFileType = text.plist.xml; path = Info.plist; sourceTree = "<group>"; };
		EE7FFEB51FA02E87003BE3C5 /* Itsudare2UITests.xctest */ = {isa = PBXFileReference; explicitFileType = wrapper.cfbundle; includeInIndex = 0; path = Itsudare2UITests.xctest; sourceTree = BUILT_PRODUCTS_DIR; };
		EE7FFEB91FA02E87003BE3C5 /* Itsudare2UITests.swift */ = {isa = PBXFileReference; lastKnownFileType = sourcecode.swift; path = Itsudare2UITests.swift; sourceTree = "<group>"; };
		EE7FFEBB1FA02E87003BE3C5 /* Info.plist */ = {isa = PBXFileReference; lastKnownFileType = text.plist.xml; path = Info.plist; sourceTree = "<group>"; };
		EE7FFEC81FA031E9003BE3C5 /* ゆず ポップ A [M] Bold.ttf */ = {isa = PBXFileReference; lastKnownFileType = file; path = "ゆず ポップ A [M] Bold.ttf"; sourceTree = "<group>"; };
		EE7FFEC91FA031E9003BE3C5 /* ゆず ポップ A [M] Extra Light.ttf */ = {isa = PBXFileReference; lastKnownFileType = file; path = "ゆず ポップ A [M] Extra Light.ttf"; sourceTree = "<group>"; };
		EE7FFECA1FA031E9003BE3C5 /* ゆず ポップ A [M] Light.ttf */ = {isa = PBXFileReference; lastKnownFileType = file; path = "ゆず ポップ A [M] Light.ttf"; sourceTree = "<group>"; };
		EE7FFECB1FA031E9003BE3C5 /* ゆず ポップ A [M] Regular.ttf */ = {isa = PBXFileReference; lastKnownFileType = file; path = "ゆず ポップ A [M] Regular.ttf"; sourceTree = "<group>"; };
		EE7FFECC1FA031E9003BE3C5 /* 説明書.txt */ = {isa = PBXFileReference; fileEncoding = 4; lastKnownFileType = text; path = "説明書.txt"; sourceTree = "<group>"; };
/* End PBXFileReference section */

/* Begin PBXFrameworksBuildPhase section */
		EE7FFE931FA02E86003BE3C5 /* Frameworks */ = {
			isa = PBXFrameworksBuildPhase;
			buildActionMask = 2147483647;
			files = (
			);
			runOnlyForDeploymentPostprocessing = 0;
		};
		EE7FFEA71FA02E87003BE3C5 /* Frameworks */ = {
			isa = PBXFrameworksBuildPhase;
			buildActionMask = 2147483647;
			files = (
			);
			runOnlyForDeploymentPostprocessing = 0;
		};
		EE7FFEB21FA02E87003BE3C5 /* Frameworks */ = {
			isa = PBXFrameworksBuildPhase;
			buildActionMask = 2147483647;
			files = (
			);
			runOnlyForDeploymentPostprocessing = 0;
		};
/* End PBXFrameworksBuildPhase section */

/* Begin PBXGroup section */
		EE7FFE8D1FA02E86003BE3C5 = {
			isa = PBXGroup;
			children = (
				EE7FFE981FA02E86003BE3C5 /* Itsudare2 */,
				EE7FFEAD1FA02E87003BE3C5 /* Itsudare2Tests */,
				EE7FFEB81FA02E87003BE3C5 /* Itsudare2UITests */,
				EE7FFE971FA02E86003BE3C5 /* Products */,
			);
			sourceTree = "<group>";
		};
		EE7FFE971FA02E86003BE3C5 /* Products */ = {
			isa = PBXGroup;
			children = (
				EE7FFE961FA02E86003BE3C5 /* Itsudare2.app */,
				EE7FFEAA1FA02E87003BE3C5 /* Itsudare2Tests.xctest */,
				EE7FFEB51FA02E87003BE3C5 /* Itsudare2UITests.xctest */,
			);
			name = Products;
			sourceTree = "<group>";
		};
		EE7FFE981FA02E86003BE3C5 /* Itsudare2 */ = {
			isa = PBXGroup;
			children = (
				EE7FFEC71FA031E9003BE3C5 /* ゆず ポップ A ver.0.6 */,
				EE7FFE991FA02E86003BE3C5 /* AppDelegate.swift */,
				EE7FFE9B1FA02E87003BE3C5 /* ViewController.swift */,
				EE7FFE9D1FA02E87003BE3C5 /* Main.storyboard */,
				EE7FFEA01FA02E87003BE3C5 /* Assets.xcassets */,
				EE7FFEA21FA02E87003BE3C5 /* LaunchScreen.storyboard */,
				EE7FFEA51FA02E87003BE3C5 /* Info.plist */,
			);
			path = Itsudare2;
			sourceTree = "<group>";
		};
		EE7FFEAD1FA02E87003BE3C5 /* Itsudare2Tests */ = {
			isa = PBXGroup;
			children = (
				EE7FFEAE1FA02E87003BE3C5 /* Itsudare2Tests.swift */,
				EE7FFEB01FA02E87003BE3C5 /* Info.plist */,
			);
			path = Itsudare2Tests;
			sourceTree = "<group>";
		};
		EE7FFEB81FA02E87003BE3C5 /* Itsudare2UITests */ = {
			isa = PBXGroup;
			children = (
				EE7FFEB91FA02E87003BE3C5 /* Itsudare2UITests.swift */,
				EE7FFEBB1FA02E87003BE3C5 /* Info.plist */,
			);
			path = Itsudare2UITests;
			sourceTree = "<group>";
		};
		EE7FFEC71FA031E9003BE3C5 /* ゆず ポップ A ver.0.6 */ = {
			isa = PBXGroup;
			children = (
				EE7FFEC81FA031E9003BE3C5 /* ゆず ポップ A [M] Bold.ttf */,
				EE7FFEC91FA031E9003BE3C5 /* ゆず ポップ A [M] Extra Light.ttf */,
				EE7FFECA1FA031E9003BE3C5 /* ゆず ポップ A [M] Light.ttf */,
				EE7FFECB1FA031E9003BE3C5 /* ゆず ポップ A [M] Regular.ttf */,
				EE7FFECC1FA031E9003BE3C5 /* 説明書.txt */,
			);
			path = "ゆず ポップ A ver.0.6";
			sourceTree = "<group>";
		};
/* End PBXGroup section */

/* Begin PBXNativeTarget section */
		EE7FFE951FA02E86003BE3C5 /* Itsudare2 */ = {
			isa = PBXNativeTarget;
			buildConfigurationList = EE7FFEBE1FA02E87003BE3C5 /* Build configuration list for PBXNativeTarget "Itsudare2" */;
			buildPhases = (
				EE7FFE921FA02E86003BE3C5 /* Sources */,
				EE7FFE931FA02E86003BE3C5 /* Frameworks */,
				EE7FFE941FA02E86003BE3C5 /* Resources */,
			);
			buildRules = (
			);
			dependencies = (
			);
			name = Itsudare2;
			productName = Itsudare2;
			productReference = EE7FFE961FA02E86003BE3C5 /* Itsudare2.app */;
			productType = "com.apple.product-type.application";
		};
		EE7FFEA91FA02E87003BE3C5 /* Itsudare2Tests */ = {
			isa = PBXNativeTarget;
			buildConfigurationList = EE7FFEC11FA02E87003BE3C5 /* Build configuration list for PBXNativeTarget "Itsudare2Tests" */;
			buildPhases = (
				EE7FFEA61FA02E87003BE3C5 /* Sources */,
				EE7FFEA71FA02E87003BE3C5 /* Frameworks */,
				EE7FFEA81FA02E87003BE3C5 /* Resources */,
			);
			buildRules = (
			);
			dependencies = (
				EE7FFEAC1FA02E87003BE3C5 /* PBXTargetDependency */,
			);
			name = Itsudare2Tests;
			productName = Itsudare2Tests;
			productReference = EE7FFEAA1FA02E87003BE3C5 /* Itsudare2Tests.xctest */;
			productType = "com.apple.product-type.bundle.unit-test";
		};
		EE7FFEB41FA02E87003BE3C5 /* Itsudare2UITests */ = {
			isa = PBXNativeTarget;
			buildConfigurationList = EE7FFEC41FA02E87003BE3C5 /* Build configuration list for PBXNativeTarget "Itsudare2UITests" */;
			buildPhases = (
				EE7FFEB11FA02E87003BE3C5 /* Sources */,
				EE7FFEB21FA02E87003BE3C5 /* Frameworks */,
				EE7FFEB31FA02E87003BE3C5 /* Resources */,
			);
			buildRules = (
			);
			dependencies = (
				EE7FFEB71FA02E87003BE3C5 /* PBXTargetDependency */,
			);
			name = Itsudare2UITests;
			productName = Itsudare2UITests;
			productReference = EE7FFEB51FA02E87003BE3C5 /* Itsudare2UITests.xctest */;
			productType = "com.apple.product-type.bundle.ui-testing";
		};
/* End PBXNativeTarget section */

/* Begin PBXProject section */
		EE7FFE8E1FA02E86003BE3C5 /* Project object */ = {
			isa = PBXProject;
			attributes = {
				LastSwiftUpdateCheck = 0900;
				LastUpgradeCheck = 0900;
				ORGANIZATIONNAME = "Maho Misumi";
				TargetAttributes = {
					EE7FFE951FA02E86003BE3C5 = {
						CreatedOnToolsVersion = 9.0;
						ProvisioningStyle = Automatic;
					};
					EE7FFEA91FA02E87003BE3C5 = {
						CreatedOnToolsVersion = 9.0;
						ProvisioningStyle = Automatic;
						TestTargetID = EE7FFE951FA02E86003BE3C5;
					};
					EE7FFEB41FA02E87003BE3C5 = {
						CreatedOnToolsVersion = 9.0;
						ProvisioningStyle = Automatic;
						TestTargetID = EE7FFE951FA02E86003BE3C5;
					};
				};
			};
			buildConfigurationList = EE7FFE911FA02E86003BE3C5 /* Build configuration list for PBXProject "Itsudare2" */;
			compatibilityVersion = "Xcode 8.0";
			developmentRegion = en;
			hasScannedForEncodings = 0;
			knownRegions = (
				en,
				Base,
			);
			mainGroup = EE7FFE8D1FA02E86003BE3C5;
			productRefGroup = EE7FFE971FA02E86003BE3C5 /* Products */;
			projectDirPath = "";
			projectRoot = "";
			targets = (
				EE7FFE951FA02E86003BE3C5 /* Itsudare2 */,
				EE7FFEA91FA02E87003BE3C5 /* Itsudare2Tests */,
				EE7FFEB41FA02E87003BE3C5 /* Itsudare2UITests */,
			);
		};
/* End PBXProject section */

/* Begin PBXResourcesBuildPhase section */
		EE7FFE941FA02E86003BE3C5 /* Resources */ = {
			isa = PBXResourcesBuildPhase;
			buildActionMask = 2147483647;
			files = (
				EE7FFED01FA031EA003BE3C5 /* ゆず ポップ A [M] Regular.ttf in Resources */,
				EE7FFEA41FA02E87003BE3C5 /* LaunchScreen.storyboard in Resources */,
				EE7FFEA11FA02E87003BE3C5 /* Assets.xcassets in Resources */,
				EE7FFECD1FA031EA003BE3C5 /* ゆず ポップ A [M] Bold.ttf in Resources */,
				EE7FFECE1FA031EA003BE3C5 /* ゆず ポップ A [M] Extra Light.ttf in Resources */,
				EE7FFECF1FA031EA003BE3C5 /* ゆず ポップ A [M] Light.ttf in Resources */,
				EE7FFE9F1FA02E87003BE3C5 /* Main.storyboard in Resources */,
				EE7FFED11FA031EA003BE3C5 /* 説明書.txt in Resources */,
			);
			runOnlyForDeploymentPostprocessing = 0;
		};
		EE7FFEA81FA02E87003BE3C5 /* Resources */ = {
			isa = PBXResourcesBuildPhase;
			buildActionMask = 2147483647;
			files = (
			);
			runOnlyForDeploymentPostprocessing = 0;
		};
		EE7FFEB31FA02E87003BE3C5 /* Resources */ = {
			isa = PBXResourcesBuildPhase;
			buildActionMask = 2147483647;
			files = (
			);
			runOnlyForDeploymentPostprocessing = 0;
		};
/* End PBXResourcesBuildPhase section */

/* Begin PBXSourcesBuildPhase section */
		EE7FFE921FA02E86003BE3C5 /* Sources */ = {
			isa = PBXSourcesBuildPhase;
			buildActionMask = 2147483647;
			files = (
				EE7FFE9C1FA02E87003BE3C5 /* ViewController.swift in Sources */,
				EE7FFE9A1FA02E87003BE3C5 /* AppDelegate.swift in Sources */,
			);
			runOnlyForDeploymentPostprocessing = 0;
		};
		EE7FFEA61FA02E87003BE3C5 /* Sources */ = {
			isa = PBXSourcesBuildPhase;
			buildActionMask = 2147483647;
			files = (
				EE7FFEAF1FA02E87003BE3C5 /* Itsudare2Tests.swift in Sources */,
			);
			runOnlyForDeploymentPostprocessing = 0;
		};
		EE7FFEB11FA02E87003BE3C5 /* Sources */ = {
			isa = PBXSourcesBuildPhase;
			buildActionMask = 2147483647;
			files = (
				EE7FFEBA1FA02E87003BE3C5 /* Itsudare2UITests.swift in Sources */,
			);
			runOnlyForDeploymentPostprocessing = 0;
		};
/* End PBXSourcesBuildPhase section */

/* Begin PBXTargetDependency section */
		EE7FFEAC1FA02E87003BE3C5 /* PBXTargetDependency */ = {
			isa = PBXTargetDependency;
			target = EE7FFE951FA02E86003BE3C5 /* Itsudare2 */;
			targetProxy = EE7FFEAB1FA02E87003BE3C5 /* PBXContainerItemProxy */;
		};
		EE7FFEB71FA02E87003BE3C5 /* PBXTargetDependency */ = {
			isa = PBXTargetDependency;
			target = EE7FFE951FA02E86003BE3C5 /* Itsudare2 */;
			targetProxy = EE7FFEB61FA02E87003BE3C5 /* PBXContainerItemProxy */;
		};
/* End PBXTargetDependency section */

/* Begin PBXVariantGroup section */
		EE7FFE9D1FA02E87003BE3C5 /* Main.storyboard */ = {
			isa = PBXVariantGroup;
			children = (
				EE7FFE9E1FA02E87003BE3C5 /* Base */,
			);
			name = Main.storyboard;
			sourceTree = "<group>";
		};
		EE7FFEA21FA02E87003BE3C5 /* LaunchScreen.storyboard */ = {
			isa = PBXVariantGroup;
			children = (
				EE7FFEA31FA02E87003BE3C5 /* Base */,
			);
			name = LaunchScreen.storyboard;
			sourceTree = "<group>";
		};
/* End PBXVariantGroup section */

/* Begin XCBuildConfiguration section */
		EE7FFEBC1FA02E87003BE3C5 /* Debug */ = {
			isa = XCBuildConfiguration;
			buildSettings = {
				ALWAYS_SEARCH_USER_PATHS = NO;
				CLANG_ANALYZER_NONNULL = YES;
				CLANG_ANALYZER_NUMBER_OBJECT_CONVERSION = YES_AGGRESSIVE;
				CLANG_CXX_LANGUAGE_STANDARD = "gnu++14";
				CLANG_CXX_LIBRARY = "libc++";
				CLANG_ENABLE_MODULES = YES;
				CLANG_ENABLE_OBJC_ARC = YES;
				CLANG_WARN_BLOCK_CAPTURE_AUTORELEASING = YES;
				CLANG_WARN_BOOL_CONVERSION = YES;
				CLANG_WARN_COMMA = YES;
				CLANG_WARN_CONSTANT_CONVERSION = YES;
				CLANG_WARN_DIRECT_OBJC_ISA_USAGE = YES_ERROR;
				CLANG_WARN_DOCUMENTATION_COMMENTS = YES;
				CLANG_WARN_EMPTY_BODY = YES;
				CLANG_WARN_ENUM_CONVERSION = YES;
				CLANG_WARN_INFINITE_RECURSION = YES;
				CLANG_WARN_INT_CONVERSION = YES;
				CLANG_WARN_NON_LITERAL_NULL_CONVERSION = YES;
				CLANG_WARN_OBJC_LITERAL_CONVERSION = YES;
				CLANG_WARN_OBJC_ROOT_CLASS = YES_ERROR;
				CLANG_WARN_RANGE_LOOP_ANALYSIS = YES;
				CLANG_WARN_STRICT_PROTOTYPES = YES;
				CLANG_WARN_SUSPICIOUS_MOVE = YES;
				CLANG_WARN_UNGUARDED_AVAILABILITY = YES_AGGRESSIVE;
				CLANG_WARN_UNREACHABLE_CODE = YES;
				CLANG_WARN__DUPLICATE_METHOD_MATCH = YES;
				CODE_SIGN_IDENTITY = "iPhone Developer";
				COPY_PHASE_STRIP = NO;
				DEBUG_INFORMATION_FORMAT = dwarf;
				ENABLE_STRICT_OBJC_MSGSEND = YES;
				ENABLE_TESTABILITY = YES;
				GCC_C_LANGUAGE_STANDARD = gnu11;
				GCC_DYNAMIC_NO_PIC = NO;
				GCC_NO_COMMON_BLOCKS = YES;
				GCC_OPTIMIZATION_LEVEL = 0;
				GCC_PREPROCESSOR_DEFINITIONS = (
					"DEBUG=1",
					"$(inherited)",
				);
				GCC_WARN_64_TO_32_BIT_CONVERSION = YES;
				GCC_WARN_ABOUT_RETURN_TYPE = YES_ERROR;
				GCC_WARN_UNDECLARED_SELECTOR = YES;
				GCC_WARN_UNINITIALIZED_AUTOS = YES_AGGRESSIVE;
				GCC_WARN_UNUSED_FUNCTION = YES;
				GCC_WARN_UNUSED_VARIABLE = YES;
				IPHONEOS_DEPLOYMENT_TARGET = 11.0;
				MTL_ENABLE_DEBUG_INFO = YES;
				ONLY_ACTIVE_ARCH = YES;
				SDKROOT = iphoneos;
				SWIFT_ACTIVE_COMPILATION_CONDITIONS = DEBUG;
				SWIFT_OPTIMIZATION_LEVEL = "-Onone";
			};
			name = Debug;
		};
		EE7FFEBD1FA02E87003BE3C5 /* Release */ = {
			isa = XCBuildConfiguration;
			buildSettings = {
				ALWAYS_SEARCH_USER_PATHS = NO;
				CLANG_ANALYZER_NONNULL = YES;
				CLANG_ANALYZER_NUMBER_OBJECT_CONVERSION = YES_AGGRESSIVE;
				CLANG_CXX_LANGUAGE_STANDARD = "gnu++14";
				CLANG_CXX_LIBRARY = "libc++";
				CLANG_ENABLE_MODULES = YES;
				CLANG_ENABLE_OBJC_ARC = YES;
				CLANG_WARN_BLOCK_CAPTURE_AUTORELEASING = YES;
				CLANG_WARN_BOOL_CONVERSION = YES;
				CLANG_WARN_COMMA = YES;
				CLANG_WARN_CONSTANT_CONVERSION = YES;
				CLANG_WARN_DIRECT_OBJC_ISA_USAGE = YES_ERROR;
				CLANG_WARN_DOCUMENTATION_COMMENTS = YES;
				CLANG_WARN_EMPTY_BODY = YES;
				CLANG_WARN_ENUM_CONVERSION = YES;
				CLANG_WARN_INFINITE_RECURSION = YES;
				CLANG_WARN_INT_CONVERSION = YES;
				CLANG_WARN_NON_LITERAL_NULL_CONVERSION = YES;
				CLANG_WARN_OBJC_LITERAL_CONVERSION = YES;
				CLANG_WARN_OBJC_ROOT_CLASS = YES_ERROR;
				CLANG_WARN_RANGE_LOOP_ANALYSIS = YES;
				CLANG_WARN_STRICT_PROTOTYPES = YES;
				CLANG_WARN_SUSPICIOUS_MOVE = YES;
				CLANG_WARN_UNGUARDED_AVAILABILITY = YES_AGGRESSIVE;
				CLANG_WARN_UNREACHABLE_CODE = YES;
				CLANG_WARN__DUPLICATE_METHOD_MATCH = YES;
				CODE_SIGN_IDENTITY = "iPhone Developer";
				COPY_PHASE_STRIP = NO;
				DEBUG_INFORMATION_FORMAT = "dwarf-with-dsym";
				ENABLE_NS_ASSERTIONS = NO;
				ENABLE_STRICT_OBJC_MSGSEND = YES;
				GCC_C_LANGUAGE_STANDARD = gnu11;
				GCC_NO_COMMON_BLOCKS = YES;
				GCC_WARN_64_TO_32_BIT_CONVERSION = YES;
				GCC_WARN_ABOUT_RETURN_TYPE = YES_ERROR;
				GCC_WARN_UNDECLARED_SELECTOR = YES;
				GCC_WARN_UNINITIALIZED_AUTOS = YES_AGGRESSIVE;
				GCC_WARN_UNUSED_FUNCTION = YES;
				GCC_WARN_UNUSED_VARIABLE = YES;
				IPHONEOS_DEPLOYMENT_TARGET = 11.0;
				MTL_ENABLE_DEBUG_INFO = NO;
				SDKROOT = iphoneos;
				SWIFT_OPTIMIZATION_LEVEL = "-Owholemodule";
				VALIDATE_PRODUCT = YES;
			};
			name = Release;
		};
		EE7FFEBF1FA02E87003BE3C5 /* Debug */ = {
			isa = XCBuildConfiguration;
			buildSettings = {
				ASSETCATALOG_COMPILER_APPICON_NAME = AppIcon;
				CODE_SIGN_STYLE = Automatic;
				INFOPLIST_FILE = Itsudare2/Info.plist;
				LD_RUNPATH_SEARCH_PATHS = "$(inherited) @executable_path/Frameworks";
				PRODUCT_BUNDLE_IDENTIFIER = maho.com.Itsudare2;
				PRODUCT_NAME = "$(TARGET_NAME)";
				SWIFT_VERSION = 4.0;
				TARGETED_DEVICE_FAMILY = "1,2";
			};
			name = Debug;
		};
		EE7FFEC01FA02E87003BE3C5 /* Release */ = {
			isa = XCBuildConfiguration;
			buildSettings = {
				ASSETCATALOG_COMPILER_APPICON_NAME = AppIcon;
				CODE_SIGN_STYLE = Automatic;
				INFOPLIST_FILE = Itsudare2/Info.plist;
				LD_RUNPATH_SEARCH_PATHS = "$(inherited) @executable_path/Frameworks";
				PRODUCT_BUNDLE_IDENTIFIER = maho.com.Itsudare2;
				PRODUCT_NAME = "$(TARGET_NAME)";
				SWIFT_VERSION = 4.0;
				TARGETED_DEVICE_FAMILY = "1,2";
			};
			name = Release;
		};
		EE7FFEC21FA02E87003BE3C5 /* Debug */ = {
			isa = XCBuildConfiguration;
			buildSettings = {
				ALWAYS_EMBED_SWIFT_STANDARD_LIBRARIES = YES;
				BUNDLE_LOADER = "$(TEST_HOST)";
				CODE_SIGN_STYLE = Automatic;
				INFOPLIST_FILE = Itsudare2Tests/Info.plist;
				LD_RUNPATH_SEARCH_PATHS = "$(inherited) @executable_path/Frameworks @loader_path/Frameworks";
				PRODUCT_BUNDLE_IDENTIFIER = maho.com.Itsudare2Tests;
				PRODUCT_NAME = "$(TARGET_NAME)";
				SWIFT_VERSION = 4.0;
				TARGETED_DEVICE_FAMILY = "1,2";
				TEST_HOST = "$(BUILT_PRODUCTS_DIR)/Itsudare2.app/Itsudare2";
			};
			name = Debug;
		};
		EE7FFEC31FA02E87003BE3C5 /* Release */ = {
			isa = XCBuildConfiguration;
			buildSettings = {
				ALWAYS_EMBED_SWIFT_STANDARD_LIBRARIES = YES;
				BUNDLE_LOADER = "$(TEST_HOST)";
				CODE_SIGN_STYLE = Automatic;
				INFOPLIST_FILE = Itsudare2Tests/Info.plist;
				LD_RUNPATH_SEARCH_PATHS = "$(inherited) @executable_path/Frameworks @loader_path/Frameworks";
				PRODUCT_BUNDLE_IDENTIFIER = maho.com.Itsudare2Tests;
				PRODUCT_NAME = "$(TARGET_NAME)";
				SWIFT_VERSION = 4.0;
				TARGETED_DEVICE_FAMILY = "1,2";
				TEST_HOST = "$(BUILT_PRODUCTS_DIR)/Itsudare2.app/Itsudare2";
			};
			name = Release;
		};
		EE7FFEC51FA02E87003BE3C5 /* Debug */ = {
			isa = XCBuildConfiguration;
			buildSettings = {
				ALWAYS_EMBED_SWIFT_STANDARD_LIBRARIES = YES;
				CODE_SIGN_STYLE = Automatic;
				INFOPLIST_FILE = Itsudare2UITests/Info.plist;
				LD_RUNPATH_SEARCH_PATHS = "$(inherited) @executable_path/Frameworks @loader_path/Frameworks";
				PRODUCT_BUNDLE_IDENTIFIER = maho.com.Itsudare2UITests;
				PRODUCT_NAME = "$(TARGET_NAME)";
				SWIFT_VERSION = 4.0;
				TARGETED_DEVICE_FAMILY = "1,2";
				TEST_TARGET_NAME = Itsudare2;
			};
			name = Debug;
		};
		EE7FFEC61FA02E87003BE3C5 /* Release */ = {
			isa = XCBuildConfiguration;
			buildSettings = {
				ALWAYS_EMBED_SWIFT_STANDARD_LIBRARIES = YES;
				CODE_SIGN_STYLE = Automatic;
				INFOPLIST_FILE = Itsudare2UITests/Info.plist;
				LD_RUNPATH_SEARCH_PATHS = "$(inherited) @executable_path/Frameworks @loader_path/Frameworks";
				PRODUCT_BUNDLE_IDENTIFIER = maho.com.Itsudare2UITests;
				PRODUCT_NAME = "$(TARGET_NAME)";
				SWIFT_VERSION = 4.0;
				TARGETED_DEVICE_FAMILY = "1,2";
				TEST_TARGET_NAME = Itsudare2;
			};
			name = Release;
		};
/* End XCBuildConfiguration section */

/* Begin XCConfigurationList section */
		EE7FFE911FA02E86003BE3C5 /* Build configuration list for PBXProject "Itsudare2" */ = {
			isa = XCConfigurationList;
			buildConfigurations = (
				EE7FFEBC1FA02E87003BE3C5 /* Debug */,
				EE7FFEBD1FA02E87003BE3C5 /* Release */,
			);
			defaultConfigurationIsVisible = 0;
			defaultConfigurationName = Release;
		};
		EE7FFEBE1FA02E87003BE3C5 /* Build configuration list for PBXNativeTarget "Itsudare2" */ = {
			isa = XCConfigurationList;
			buildConfigurations = (
				EE7FFEBF1FA02E87003BE3C5 /* Debug */,
				EE7FFEC01FA02E87003BE3C5 /* Release */,
			);
			defaultConfigurationIsVisible = 0;
			defaultConfigurationName = Release;
		};
		EE7FFEC11FA02E87003BE3C5 /* Build configuration list for PBXNativeTarget "Itsudare2Tests" */ = {
			isa = XCConfigurationList;
			buildConfigurations = (
				EE7FFEC21FA02E87003BE3C5 /* Debug */,
				EE7FFEC31FA02E87003BE3C5 /* Release */,
			);
			defaultConfigurationIsVisible = 0;
			defaultConfigurationName = Release;
		};
		EE7FFEC41FA02E87003BE3C5 /* Build configuration list for PBXNativeTarget "Itsudare2UITests" */ = {
			isa = XCConfigurationList;
			buildConfigurations = (
				EE7FFEC51FA02E87003BE3C5 /* Debug */,
				EE7FFEC61FA02E87003BE3C5 /* Release */,
			);
			defaultConfigurationIsVisible = 0;
			defaultConfigurationName = Release;
		};
/* End XCConfigurationList section */
	};
	rootObject = EE7FFE8E1FA02E86003BE3C5 /* Project object */;
}
